# THIS IS AN AUTOGENERATED FILE. DO NOT EDIT THIS FILE DIRECTLY.
# yarn lockfile v1


babel-plugin-transform-inline-environment-variables@^0.3.0:
  version "0.3.0"
  resolved "https://registry.yarnpkg.com/babel-plugin-transform-inline-environment-variables/-/babel-plugin-transform-inline-environment-variables-0.3.0.tgz#b9e1929535480e72a9e37210df99aebca007a7b5"
